
Microsoft Visual Studio Solution File, Format Version 12.00
# Visual Studio Version 17
VisualStudioVersion = 17.0.31919.166
MinimumVisualStudioVersion = 10.0.40219.1
Project("{2150E333-8FDC-42A3-9474-1A3956D46DE8}") = "1. App", "1. App", "{91CB6F9C-3466-473C-BD6F-4C6147ABB85E}"
EndProject
Project("{9A19103F-16F7-4668-BE54-9A1E7A4F7556}") = "MyVet.Domain", "MyVet.Domain\MyVet.Domain.csproj", "{F7BD341C-507C-44FA-B0A5-AC71FFB87419}"
EndProject
Project("{9A19103F-16F7-4668-BE54-9A1E7A4F7556}") = "Common.Utils", "Common.Utils\Common.Utils.csproj", "{927B8ECE-02E7-4FD2-B1EB-189BBD2336B5}"
EndProject
Project("{9A19103F-16F7-4668-BE54-9A1E7A4F7556}") = "Infraestructure.Core", "Infraestructure.Core\Infraestructure.Core.csproj", "{0FD496C5-92A9-495C-9106-7DD4AE899A0B}"
EndProject
Project("{9A19103F-16F7-4668-BE54-9A1E7A4F7556}") = "Infraestructure.Entity", "Infraestructure.Entity\Infraestructure.Entity.csproj", "{C00DF6E9-574F-4DD8-AE82-7ACE02FA518C}"
EndProject
Project("{2150E333-8FDC-42A3-9474-1A3956D46DE8}") = "2. Domain", "2. Domain", "{2CDBD56E-C2D6-4859-B90A-8085284D0BD5}"
EndProject
Project("{2150E333-8FDC-42A3-9474-1A3956D46DE8}") = "3. Infraestructure", "3. Infraestructure", "{8AA73DDF-8796-4C6B-8C63-D1DB77033F36}"
EndProject
Project("{2150E333-8FDC-42A3-9474-1A3956D46DE8}") = "4. Helpers", "4. Helpers", "{8B1E8EB7-365E-45F0-99A3-9316B6985696}"
EndProject
Project("{FAE04EC0-301F-11D3-BF4B-00C04F79EFBC}") = "Vet", "Vet\Vet.csproj", "{9219C412-5064-4880-A217-CE12B89F0C7B}"
EndProject
Global
	GlobalSection(SolutionConfigurationPlatforms) = preSolution
		Debug|Any CPU = Debug|Any CPU
		Release|Any CPU = Release|Any CPU
	EndGlobalSection
	GlobalSection(ProjectConfigurationPlatforms) = postSolution
		{F7BD341C-507C-44FA-B0A5-AC71FFB87419}.Debug|Any CPU.ActiveCfg = Debug|Any CPU
		{F7BD341C-507C-44FA-B0A5-AC71FFB87419}.Debug|Any CPU.Build.0 = Debug|Any CPU
		{F7BD341C-507C-44FA-B0A5-AC71FFB87419}.Release|Any CPU.ActiveCfg = Release|Any CPU
		{F7BD341C-507C-44FA-B0A5-AC71FFB87419}.Release|Any CPU.Build.0 = Release|Any CPU
		{927B8ECE-02E7-4FD2-B1EB-189BBD2336B5}.Debug|Any CPU.ActiveCfg = Debug|Any CPU
		{927B8ECE-02E7-4FD2-B1EB-189BBD2336B5}.Debug|Any CPU.Build.0 = Debug|Any CPU
		{927B8ECE-02E7-4FD2-B1EB-189BBD2336B5}.Release|Any CPU.ActiveCfg = Release|Any CPU
		{927B8ECE-02E7-4FD2-B1EB-189BBD2336B5}.Release|Any CPU.Build.0 = Release|Any CPU
		{0FD496C5-92A9-495C-9106-7DD4AE899A0B}.Debug|Any CPU.ActiveCfg = Debug|Any CPU
		{0FD496C5-92A9-495C-9106-7DD4AE899A0B}.Debug|Any CPU.Build.0 = Debug|Any CPU
		{0FD496C5-92A9-495C-9106-7DD4AE899A0B}.Release|Any CPU.ActiveCfg = Release|Any CPU
		{0FD496C5-92A9-495C-9106-7DD4AE899A0B}.Release|Any CPU.Build.0 = Release|Any CPU
		{C00DF6E9-574F-4DD8-AE82-7ACE02FA518C}.Debug|Any CPU.ActiveCfg = Debug|Any CPU
		{C00DF6E9-574F-4DD8-AE82-7ACE02FA518C}.Debug|Any CPU.Build.0 = Debug|Any CPU
		{C00DF6E9-574F-4DD8-AE82-7ACE02FA518C}.Release|Any CPU.ActiveCfg = Release|Any CPU
		{C00DF6E9-574F-4DD8-AE82-7ACE02FA518C}.Release|Any CPU.Build.0 = Release|Any CPU
		{9219C412-5064-4880-A217-CE12B89F0C7B}.Debug|Any CPU.ActiveCfg = Debug|Any CPU
		{9219C412-5064-4880-A217-CE12B89F0C7B}.Debug|Any CPU.Build.0 = Debug|Any CPU
		{9219C412-5064-4880-A217-CE12B89F0C7B}.Release|Any CPU.ActiveCfg = Release|Any CPU
		{9219C412-5064-4880-A217-CE12B89F0C7B}.Release|Any CPU.Build.0 = Release|Any CPU
	EndGlobalSection
	GlobalSection(SolutionProperties) = preSolution
		HideSolutionNode = FALSE
	EndGlobalSection
	GlobalSection(NestedProjects) = preSolution
		{F7BD341C-507C-44FA-B0A5-AC71FFB87419} = {2CDBD56E-C2D6-4859-B90A-8085284D0BD5}
		{927B8ECE-02E7-4FD2-B1EB-189BBD2336B5} = {8B1E8EB7-365E-45F0-99A3-9316B6985696}
		{0FD496C5-92A9-495C-9106-7DD4AE899A0B} = {8AA73DDF-8796-4C6B-8C63-D1DB77033F36}
		{C00DF6E9-574F-4DD8-AE82-7ACE02FA518C} = {8AA73DDF-8796-4C6B-8C63-D1DB77033F36}
		{9219C412-5064-4880-A217-CE12B89F0C7B} = {91CB6F9C-3466-473C-BD6F-4C6147ABB85E}
	EndGlobalSection
	GlobalSection(ExtensibilityGlobals) = postSolution
		SolutionGuid = {508998CB-F387-4100-BD93-C86E18825501}
	EndGlobalSection
EndGlobal
